
Microsoft Visual Studio Solution File, Format Version 12.00
# Visual Studio 15
VisualStudioVersion = 15.0.27625.0
MinimumVisualStudioVersion = 10.0.40219.1
Project("{9A19103F-16F7-4668-BE54-9A1E7A4F7556}") = "MoonSharp.NetStandard2", "MoonSharp\MoonSharp.NetStandard2.csproj", "{71553918-0F61-420A-B2B7-8657C77A4FB1}"
EndProject
Project("{2150E333-8FDC-42A3-9474-1A3956D46DE8}") = "Distribution", "Distribution", "{C8EAEB1F-1EBA-4615-A857-65E413683306}"
EndProject
Project("{2150E333-8FDC-42A3-9474-1A3956D46DE8}") = "Interpreters", "Interpreters", "{78C14BDF-54D0-44D3-B375-DEB3340A10B8}"
EndProject
Project("{2150E333-8FDC-42A3-9474-1A3956D46DE8}") = "RemoteDebuggers", "RemoteDebuggers", "{48BBF6C7-9BC4-4C03-9174-47F0E631BDA3}"
EndProject
Project("{2150E333-8FDC-42A3-9474-1A3956D46DE8}") = "test", "test", "{AFE92A98-7182-49DD-89A5-7FC61B36E6A7}"
EndProject
Project("{9A19103F-16F7-4668-BE54-9A1E7A4F7556}") = "MoonSharp.Interpreter.NetStandard2", "MoonSharp.Interpreter\MoonSharp.Interpreter.NetStandard2.csproj", "{2D7E2915-D505-40F2-AE49-BF3F7A726372}"
EndProject
Project("{9A19103F-16F7-4668-BE54-9A1E7A4F7556}") = "MoonSharp.RemoteDebugger.NetStandard2", "MoonSharp.RemoteDebugger\MoonSharp.RemoteDebugger.NetStandard2.csproj", "{D3EF5749-AE61-43E4-85BA-0A0BF28F64B1}"
EndProject
Project("{9A19103F-16F7-4668-BE54-9A1E7A4F7556}") = "MoonSharp.Hardwire", "MoonSharp.Hardwire\MoonSharp.Hardwire.csproj", "{C4B29EBF-E4DD-4197-9F3C-7DE84737BC55}"
EndProject
Project("{FAE04EC0-301F-11D3-BF4B-00C04F79EFBC}") = "MoohSharp.Interpreter.Core.Test", "test\MoohSharp.Interpreter.Core.Test\MoohSharp.Interpreter.Core.Test.csproj", "{7203882D-5C7F-4D33-935B-DCE6FBC9E34C}"
EndProject
Global
	GlobalSection(SolutionConfigurationPlatforms) = preSolution
		Debug|Any CPU = Debug|Any CPU
		Release|Any CPU = Release|Any CPU
	EndGlobalSection
	GlobalSection(ProjectConfigurationPlatforms) = postSolution
		{71553918-0F61-420A-B2B7-8657C77A4FB1}.Debug|Any CPU.ActiveCfg = Debug|Any CPU
		{71553918-0F61-420A-B2B7-8657C77A4FB1}.Debug|Any CPU.Build.0 = Debug|Any CPU
		{71553918-0F61-420A-B2B7-8657C77A4FB1}.Release|Any CPU.ActiveCfg = Release|Any CPU
		{71553918-0F61-420A-B2B7-8657C77A4FB1}.Release|Any CPU.Build.0 = Release|Any CPU
		{2D7E2915-D505-40F2-AE49-BF3F7A726372}.Debug|Any CPU.ActiveCfg = Debug|Any CPU
		{2D7E2915-D505-40F2-AE49-BF3F7A726372}.Debug|Any CPU.Build.0 = Debug|Any CPU
		{2D7E2915-D505-40F2-AE49-BF3F7A726372}.Release|Any CPU.ActiveCfg = Release|Any CPU
		{2D7E2915-D505-40F2-AE49-BF3F7A726372}.Release|Any CPU.Build.0 = Release|Any CPU
		{D3EF5749-AE61-43E4-85BA-0A0BF28F64B1}.Debug|Any CPU.ActiveCfg = Debug|Any CPU
		{D3EF5749-AE61-43E4-85BA-0A0BF28F64B1}.Debug|Any CPU.Build.0 = Debug|Any CPU
		{D3EF5749-AE61-43E4-85BA-0A0BF28F64B1}.Release|Any CPU.ActiveCfg = Release|Any CPU
		{D3EF5749-AE61-43E4-85BA-0A0BF28F64B1}.Release|Any CPU.Build.0 = Release|Any CPU
		{C4B29EBF-E4DD-4197-9F3C-7DE84737BC55}.Debug|Any CPU.ActiveCfg = Debug|Any CPU
		{C4B29EBF-E4DD-4197-9F3C-7DE84737BC55}.Debug|Any CPU.Build.0 = Debug|Any CPU
		{C4B29EBF-E4DD-4197-9F3C-7DE84737BC55}.Release|Any CPU.ActiveCfg = Release|Any CPU
		{C4B29EBF-E4DD-4197-9F3C-7DE84737BC55}.Release|Any CPU.Build.0 = Release|Any CPU
		{7203882D-5C7F-4D33-935B-DCE6FBC9E34C}.Debug|Any CPU.ActiveCfg = Debug|Any CPU
		{7203882D-5C7F-4D33-935B-DCE6FBC9E34C}.Debug|Any CPU.Build.0 = Debug|Any CPU
		{7203882D-5C7F-4D33-935B-DCE6FBC9E34C}.Release|Any CPU.ActiveCfg = Release|Any CPU
		{7203882D-5C7F-4D33-935B-DCE6FBC9E34C}.Release|Any CPU.Build.0 = Release|Any CPU
	EndGlobalSection
	GlobalSection(SolutionProperties) = preSolution
		HideSolutionNode = FALSE
	EndGlobalSection
	GlobalSection(NestedProjects) = preSolution
		{71553918-0F61-420A-B2B7-8657C77A4FB1} = {C8EAEB1F-1EBA-4615-A857-65E413683306}
		{2D7E2915-D505-40F2-AE49-BF3F7A726372} = {78C14BDF-54D0-44D3-B375-DEB3340A10B8}
		{D3EF5749-AE61-43E4-85BA-0A0BF28F64B1} = {48BBF6C7-9BC4-4C03-9174-47F0E631BDA3}
		{C4B29EBF-E4DD-4197-9F3C-7DE84737BC55} = {C8EAEB1F-1EBA-4615-A857-65E413683306}
		{7203882D-5C7F-4D33-935B-DCE6FBC9E34C} = {AFE92A98-7182-49DD-89A5-7FC61B36E6A7}
	EndGlobalSection
	GlobalSection(ExtensibilityGlobals) = postSolution
		SolutionGuid = {39CEA74D-E7FC-4BFE-953B-324BE48731BC}
	EndGlobalSection
EndGlobal
